
Microsoft Visual Studio Solution File, Format Version 12.00
# Visual Studio Version 16
VisualStudioVersion = 16.0.31702.278
MinimumVisualStudioVersion = 10.0.40219.1
Project("{9A19103F-16F7-4668-BE54-9A1E7A4F7556}") = "API", "API\API.csproj", "{50DC1EE8-CF9E-4F79-A6F5-7038C85DE3F7}"
EndProject
Project("{FAE04EC0-301F-11D3-BF4B-00C04F79EFBC}") = "Domain", "Domain\Domain.csproj", "{4BE85F6A-B581-4752-BAF3-C204ACF48EC6}"
EndProject
Global
	GlobalSection(SolutionConfigurationPlatforms) = preSolution
		Debug|Any CPU = Debug|Any CPU
		Release|Any CPU = Release|Any CPU
	EndGlobalSection
	GlobalSection(ProjectConfigurationPlatforms) = postSolution
		{50DC1EE8-CF9E-4F79-A6F5-7038C85DE3F7}.Debug|Any CPU.ActiveCfg = Debug|Any CPU
		{50DC1EE8-CF9E-4F79-A6F5-7038C85DE3F7}.Debug|Any CPU.Build.0 = Debug|Any CPU
		{50DC1EE8-CF9E-4F79-A6F5-7038C85DE3F7}.Release|Any CPU.ActiveCfg = Release|Any CPU
		{50DC1EE8-CF9E-4F79-A6F5-7038C85DE3F7}.Release|Any CPU.Build.0 = Release|Any CPU
		{4BE85F6A-B581-4752-BAF3-C204ACF48EC6}.Debug|Any CPU.ActiveCfg = Debug|Any CPU
		{4BE85F6A-B581-4752-BAF3-C204ACF48EC6}.Debug|Any CPU.Build.0 = Debug|Any CPU
		{4BE85F6A-B581-4752-BAF3-C204ACF48EC6}.Release|Any CPU.ActiveCfg = Release|Any CPU
		{4BE85F6A-B581-4752-BAF3-C204ACF48EC6}.Release|Any CPU.Build.0 = Release|Any CPU
	EndGlobalSection
	GlobalSection(SolutionProperties) = preSolution
		HideSolutionNode = FALSE
	EndGlobalSection
	GlobalSection(ExtensibilityGlobals) = postSolution
		SolutionGuid = {61BB43CC-2D89-4AB4-BBE8-AD2A26AE5490}
	EndGlobalSection
EndGlobal
